
Microsoft Visual Studio Solution File, Format Version 12.00
# Visual Studio Version 16
VisualStudioVersion = 16.0.30717.126
MinimumVisualStudioVersion = 10.0.40219.1
Project("{FAE04EC0-301F-11D3-BF4B-00C04F79EFBC}") = "Ex_Campeonato", "Ex_Campeonato\Ex_Campeonato.csproj", "{F6905DAD-B708-478C-9889-D2B47E8A0800}"
EndProject
Global
	GlobalSection(SolutionConfigurationPlatforms) = preSolution
		Debug|Any CPU = Debug|Any CPU
		Release|Any CPU = Release|Any CPU
	EndGlobalSection
	GlobalSection(ProjectConfigurationPlatforms) = postSolution
		{F6905DAD-B708-478C-9889-D2B47E8A0800}.Debug|Any CPU.ActiveCfg = Debug|Any CPU
		{F6905DAD-B708-478C-9889-D2B47E8A0800}.Debug|Any CPU.Build.0 = Debug|Any CPU
		{F6905DAD-B708-478C-9889-D2B47E8A0800}.Release|Any CPU.ActiveCfg = Release|Any CPU
		{F6905DAD-B708-478C-9889-D2B47E8A0800}.Release|Any CPU.Build.0 = Release|Any CPU
	EndGlobalSection
	GlobalSection(SolutionProperties) = preSolution
		HideSolutionNode = FALSE
	EndGlobalSection
	GlobalSection(ExtensibilityGlobals) = postSolution
		SolutionGuid = {0D51B1EC-B2BF-4410-9D7C-C51990917F59}
	EndGlobalSection
EndGlobal
